<?xml version="1.0" encoding="UTF-8" standalone="yes" ?>
<CodeBlocks_project_file>
	<FileVersion major="1" minor="6" />
	<Project>
		<Option title="Singularity" />
		<Option pch_mode="2" />
		<Option compiler="gcc" />
		<Option virtualFolders="Utilities\;Utilities\Screens\;SecondGameStuff\;SecondGameStuff\Bases\;FirstGameStuff\map\;FirstGameStuff\;Depreciated\;_Main\;FirstGameStuff\GameObjects\;FirstGameStuff\GameObjects\Player\;FirstGameStuff\GameObjects\Items\;FirstGameStuff\GameObjects\DamageStuff\;FirstGameStuff\GameObjects\Items\InventorySorter\;" />
		<Build>
			<Target title="default">
				<Option output="Singularity" prefix_auto="1" extension_auto="1" />
				<Option type="1" />
				<Option compiler="gcc" />
			</Target>
		</Build>
		<Linker>
			<Add library="gdi32" />
		</Linker>
		<Unit filename="AttackReader.h">
			<Option virtualFolder="FirstGameStuff/GameObjects/DamageStuff/" />
		</Unit>
		<Unit filename="Bases.cpp">
			<Option virtualFolder="SecondGameStuff/Bases/" />
		</Unit>
		<Unit filename="Bases.h">
			<Option virtualFolder="SecondGameStuff/Bases/" />
		</Unit>
		<Unit filename="CharacterThings.h">
			<Option virtualFolder="FirstGameStuff/GameObjects/" />
		</Unit>
		<Unit filename="DamageCalculator.h">
			<Option virtualFolder="FirstGameStuff/GameObjects/DamageStuff/" />
		</Unit>
		<Unit filename="DamageTypes.h">
			<Option virtualFolder="FirstGameStuff/GameObjects/DamageStuff/" />
		</Unit>
		<Unit filename="Depreciated.inl">
			<Option virtualFolder="Depreciated/" />
		</Unit>
		<Unit filename="Effects.h">
			<Option virtualFolder="FirstGameStuff/" />
		</Unit>
		<Unit filename="Interactive.h">
			<Option virtualFolder="FirstGameStuff/map/" />
		</Unit>
		<Unit filename="Inventory.cpp">
			<Option virtualFolder="FirstGameStuff/GameObjects/Items/" />
		</Unit>
		<Unit filename="ItemDeclaration.h">
			<Option virtualFolder="FirstGameStuff/GameObjects/Items/" />
		</Unit>
		<Unit filename="ItemFileIO.cpp">
			<Option virtualFolder="FirstGameStuff/GameObjects/Items/" />
		</Unit>
		<Unit filename="ItemStruct.h">
			<Option virtualFolder="FirstGameStuff/GameObjects/Items/" />
		</Unit>
		<Unit filename="Items.cpp">
			<Option virtualFolder="FirstGameStuff/GameObjects/Items/" />
		</Unit>
		<Unit filename="Items.h">
			<Option virtualFolder="FirstGameStuff/GameObjects/Items/" />
		</Unit>
		<Unit filename="Locations.h">
			<Option virtualFolder="FirstGameStuff/map/" />
		</Unit>
		<Unit filename="LootDrop.cpp">
			<Option virtualFolder="FirstGameStuff/GameObjects/Items/" />
		</Unit>
		<Unit filename="LootDrop.h">
			<Option virtualFolder="FirstGameStuff/GameObjects/Items/" />
		</Unit>
		<Unit filename="Map.cpp">
			<Option virtualFolder="FirstGameStuff/map/" />
		</Unit>
		<Unit filename="Map.h">
			<Option virtualFolder="FirstGameStuff/map/" />
		</Unit>
		<Unit filename="MapLoader.cpp">
			<Option virtualFolder="FirstGameStuff/map/" />
		</Unit>
		<Unit filename="MapLoader.h">
			<Option virtualFolder="FirstGameStuff/map/" />
		</Unit>
		<Unit filename="NPC.h">
			<Option virtualFolder="FirstGameStuff/" />
		</Unit>
		<Unit filename="Player.h">
			<Option virtualFolder="FirstGameStuff/GameObjects/Player/" />
		</Unit>
		<Unit filename="ScreenController.cpp">
			<Option virtualFolder="Utilities/Screens/" />
		</Unit>
		<Unit filename="ScreenController.h">
			<Option virtualFolder="Utilities/Screens/" />
		</Unit>
		<Unit filename="ScreenInstructions.h">
			<Option virtualFolder="Utilities/Screens/" />
		</Unit>
		<Unit filename="Screens.cpp">
			<Option virtualFolder="Utilities/Screens/" />
		</Unit>
		<Unit filename="Screens.h">
			<Option virtualFolder="Utilities/Screens/" />
		</Unit>
		<Unit filename="SecondGameMain.cpp">
			<Option virtualFolder="SecondGameStuff/" />
		</Unit>
		<Unit filename="SecondGameMain.h">
			<Option virtualFolder="SecondGameStuff/" />
		</Unit>
		<Unit filename="TakeGameMain.cpp">
			<Option virtualFolder="FirstGameStuff/" />
		</Unit>
		<Unit filename="TakeGameMain.h">
			<Option virtualFolder="FirstGameStuff/" />
		</Unit>
		<Unit filename="inventorySorter.cpp">
			<Option virtualFolder="FirstGameStuff/GameObjects/Items/InventorySorter/" />
		</Unit>
		<Unit filename="libraryIncluder.h">
			<Option virtualFolder="Utilities/" />
		</Unit>
		<Unit filename="main.cpp">
			<Option virtualFolder="_Main/" />
		</Unit>
		<Unit filename="stringFunctions.h">
			<Option virtualFolder="Utilities/" />
		</Unit>
		<Unit filename="typeChanger.cpp">
			<Option virtualFolder="Utilities/" />
		</Unit>
		<Unit filename="typeChanger.h">
			<Option virtualFolder="Utilities/" />
		</Unit>
		<Extensions>
			<code_completion />
			<envvars />
			<debugger />
			<lib_finder disable_auto="1" />
		</Extensions>
	</Project>
</CodeBlocks_project_file>
